
Microsoft Visual Studio Solution File, Format Version 10.00
# Visual Studio 2008
Project("{2150E333-8FDC-42A3-9474-1A3956D46DE8}") = "App", "App", "{50E71AD0-5AD0-47BC-950C-8CC04AAE629E}"
EndProject
Project("{2150E333-8FDC-42A3-9474-1A3956D46DE8}") = "Demo", "Demo", "{A6415B2B-D1CC-43FA-B60A-AEA7E964EA5C}"
EndProject
Project("{2150E333-8FDC-42A3-9474-1A3956D46DE8}") = "Buildx86", "Buildx86", "{F802C2CF-0472-43F9-B5E7-15AB2C4C0041}"
	ProjectSection(SolutionItems) = preProject
		App\Buildx86\CabLib.dll = App\Buildx86\CabLib.dll
		App\Buildx86\CustomAction_NoImpersonate.js = App\Buildx86\CustomAction_NoImpersonate.js
		App\Buildx86\Setup.exe = App\Buildx86\Setup.exe
		App\Buildx86\x86.txt = App\Buildx86\x86.txt
	EndProjectSection
EndProject
Project("{2150E333-8FDC-42A3-9474-1A3956D46DE8}") = "Buildx64", "Buildx64", "{57317532-D856-49DC-99AC-E9EC381D46C7}"
	ProjectSection(SolutionItems) = preProject
		App\Buildx64\CabLib.dll = App\Buildx64\CabLib.dll
		App\Buildx64\x64.txt = App\Buildx64\x64.txt
	EndProjectSection
EndProject
Project("{2150E333-8FDC-42A3-9474-1A3956D46DE8}") = "Install", "Install", "{468E6C89-3FD2-47C0-A16B-F1A1F700ABE3}"
EndProject
Project("{FAE04EC0-301F-11D3-BF4B-00C04F79EFBC}") = "WSPBuilder", "App\WSPBuilder\WSPBuilder.csproj", "{F8945C5A-B156-4A0C-98F3-A9F00D265F59}"
EndProject
Project("{FAE04EC0-301F-11D3-BF4B-00C04F79EFBC}") = "WebPart_Special_PermissionSet", "Demo\WebPart_Special_PermissionSet\WebPart_Special_PermissionSet.csproj", "{FBFDEE48-4691-492D-989F-41A8BB00B4A0}"
EndProject
Project("{FAE04EC0-301F-11D3-BF4B-00C04F79EFBC}") = "WSPDemo", "Demo\WSPDemo\WSPDemo.csproj", "{A0295F5A-1084-4904-B203-518C699C858F}"
EndProject
Project("{FAE04EC0-301F-11D3-BF4B-00C04F79EFBC}") = "TestWSPBuilder", "App\TestWSPBuilder\TestWSPBuilder.csproj", "{F6E2C780-18A5-41C2-902C-C8D0FF42F831}"
EndProject
Project("{FAE04EC0-301F-11D3-BF4B-00C04F79EFBC}") = "Dummy", "Demo\Dummy\Dummy.csproj", "{A09DE9C1-7FF6-4EB4-9395-172045DE41D2}"
EndProject
Project("{FAE04EC0-301F-11D3-BF4B-00C04F79EFBC}") = "WSPBuilderCustomActions", "Install\WSPBuilderCustomActions\WSPBuilderCustomActions.csproj", "{31D370EF-DC29-450B-AEB3-96D31AF97B6F}"
EndProject
Project("{FAE04EC0-301F-11D3-BF4B-00C04F79EFBC}") = "VSAddIn", "App\VSAddIn\VSAddIn.csproj", "{08E448F0-A722-4294-931F-34352CACA29D}"
EndProject
Project("{54435603-DBB4-11D2-8724-00A0C9A8B90C}") = "Setupx86", "Install\Setupx86\Setupx86.vdproj", "{868EC345-2190-47EE-81AB-8F1C7F854816}"
EndProject
Project("{FAE04EC0-301F-11D3-BF4B-00C04F79EFBC}") = "BaseLibrary", "App\BaseLibrary\BaseLibrary.csproj", "{9287C788-109A-46C2-A787-6A1A96434728}"
EndProject
Project("{FAE04EC0-301F-11D3-BF4B-00C04F79EFBC}") = "WSPBuilderTemplates", "App\WSPBuilderTemplates\WSPBuilderTemplates.csproj", "{A54388EE-A9E1-4696-A28C-6D6D8A8923DD}"
EndProject
Global
	GlobalSection(TeamFoundationVersionControl) = preSolution
		SccNumberOfProjects = 11
		SccEnterpriseProvider = {4CA58AB2-18FA-4F8D-95D4-32DDF27D184C}
		SccTeamFoundationServer = https://tfs03.codeplex.com/
		SccLocalPath0 = .
		SccProjectUniqueName1 = App\\WSPBuilder\\WSPBuilder.csproj
		SccProjectTopLevelParentUniqueName1 = WSPTools.sln
		SccProjectName1 = App/WSPBuilder
		SccLocalPath1 = App\\WSPBuilder
		SccProjectUniqueName2 = Demo\\WebPart_Special_PermissionSet\\WebPart_Special_PermissionSet.csproj
		SccProjectTopLevelParentUniqueName2 = WSPTools.sln
		SccProjectName2 = Demo/WebPart_Special_PermissionSet
		SccLocalPath2 = Demo\\WebPart_Special_PermissionSet
		SccProjectUniqueName3 = Demo\\WSPDemo\\WSPDemo.csproj
		SccProjectTopLevelParentUniqueName3 = WSPTools.sln
		SccProjectName3 = Demo/WSPDemo
		SccLocalPath3 = Demo\\WSPDemo
		SccProjectUniqueName4 = App\\TestWSPBuilder\\TestWSPBuilder.csproj
		SccProjectTopLevelParentUniqueName4 = WSPTools.sln
		SccProjectName4 = App/TestWSPBuilder
		SccLocalPath4 = App\\TestWSPBuilder
		SccProjectUniqueName5 = Demo\\Dummy\\Dummy.csproj
		SccProjectTopLevelParentUniqueName5 = WSPTools.sln
		SccProjectName5 = Demo/Dummy
		SccLocalPath5 = Demo\\Dummy
		SccProjectUniqueName6 = Install\\WSPBuilderCustomActions\\WSPBuilderCustomActions.csproj
		SccProjectTopLevelParentUniqueName6 = WSPTools.sln
		SccProjectName6 = Install/WSPBuilderCustomActions
		SccLocalPath6 = Install\\WSPBuilderCustomActions
		SccProjectUniqueName7 = App\\VSAddIn\\VSAddIn.csproj
		SccProjectTopLevelParentUniqueName7 = WSPTools.sln
		SccProjectName7 = App/VSAddIn
		SccLocalPath7 = App\\VSAddIn
		SccProjectUniqueName8 = Install\\Setupx86\\Setupx86.vdproj
		SccProjectTopLevelParentUniqueName8 = WSPTools.sln
		SccProjectName8 = Install/Setupx86
		SccLocalPath8 = Install\\Setupx86
		SccProjectUniqueName9 = App\\BaseLibrary\\BaseLibrary.csproj
		SccProjectTopLevelParentUniqueName9 = WSPTools.sln
		SccProjectName9 = App/BaseLibrary
		SccLocalPath9 = App\\BaseLibrary
		SccProjectUniqueName10 = App\\WSPBuilderTemplates\\WSPBuilderTemplates.csproj
		SccProjectTopLevelParentUniqueName10 = WSPTools.sln
		SccProjectName10 = App/WSPBuilderTemplates
		SccLocalPath10 = App\\WSPBuilderTemplates
	EndGlobalSection
	GlobalSection(SolutionConfigurationPlatforms) = preSolution
		Debug|Any CPU = Debug|Any CPU
		Debug|Mixed Platforms = Debug|Mixed Platforms
		Debug|Win32 = Debug|Win32
		Release x64|Any CPU = Release x64|Any CPU
		Release x64|Mixed Platforms = Release x64|Mixed Platforms
		Release x64|Win32 = Release x64|Win32
		Release x86|Any CPU = Release x86|Any CPU
		Release x86|Mixed Platforms = Release x86|Mixed Platforms
		Release x86|Win32 = Release x86|Win32
		Release|Any CPU = Release|Any CPU
		Release|Mixed Platforms = Release|Mixed Platforms
		Release|Win32 = Release|Win32
	EndGlobalSection
	GlobalSection(ProjectConfigurationPlatforms) = postSolution
		{F8945C5A-B156-4A0C-98F3-A9F00D265F59}.Debug|Any CPU.ActiveCfg = Debug|Any CPU
		{F8945C5A-B156-4A0C-98F3-A9F00D265F59}.Debug|Any CPU.Build.0 = Debug|Any CPU
		{F8945C5A-B156-4A0C-98F3-A9F00D265F59}.Debug|Mixed Platforms.ActiveCfg = Debug|Any CPU
		{F8945C5A-B156-4A0C-98F3-A9F00D265F59}.Debug|Mixed Platforms.Build.0 = Debug|Any CPU
		{F8945C5A-B156-4A0C-98F3-A9F00D265F59}.Debug|Win32.ActiveCfg = Debug|Any CPU
		{F8945C5A-B156-4A0C-98F3-A9F00D265F59}.Debug|Win32.Build.0 = Debug|Any CPU
		{F8945C5A-B156-4A0C-98F3-A9F00D265F59}.Release x64|Any CPU.ActiveCfg = Release x64|Any CPU
		{F8945C5A-B156-4A0C-98F3-A9F00D265F59}.Release x64|Any CPU.Build.0 = Release x64|Any CPU
		{F8945C5A-B156-4A0C-98F3-A9F00D265F59}.Release x64|Mixed Platforms.ActiveCfg = Release x64|Any CPU
		{F8945C5A-B156-4A0C-98F3-A9F00D265F59}.Release x64|Mixed Platforms.Build.0 = Release x64|Any CPU
		{F8945C5A-B156-4A0C-98F3-A9F00D265F59}.Release x64|Win32.ActiveCfg = Release x64|Any CPU
		{F8945C5A-B156-4A0C-98F3-A9F00D265F59}.Release x86|Any CPU.ActiveCfg = Release Build x86|Any CPU
		{F8945C5A-B156-4A0C-98F3-A9F00D265F59}.Release x86|Any CPU.Build.0 = Release Build x86|Any CPU
		{F8945C5A-B156-4A0C-98F3-A9F00D265F59}.Release x86|Mixed Platforms.ActiveCfg = Release Build x86|Any CPU
		{F8945C5A-B156-4A0C-98F3-A9F00D265F59}.Release x86|Mixed Platforms.Build.0 = Release Build x86|Any CPU
		{F8945C5A-B156-4A0C-98F3-A9F00D265F59}.Release x86|Win32.ActiveCfg = Release Build x86|Any CPU
		{F8945C5A-B156-4A0C-98F3-A9F00D265F59}.Release|Any CPU.ActiveCfg = Release|Any CPU
		{F8945C5A-B156-4A0C-98F3-A9F00D265F59}.Release|Any CPU.Build.0 = Release|Any CPU
		{F8945C5A-B156-4A0C-98F3-A9F00D265F59}.Release|Mixed Platforms.ActiveCfg = Release|Any CPU
		{F8945C5A-B156-4A0C-98F3-A9F00D265F59}.Release|Mixed Platforms.Build.0 = Release|Any CPU
		{F8945C5A-B156-4A0C-98F3-A9F00D265F59}.Release|Win32.ActiveCfg = Release|Any CPU
		{FBFDEE48-4691-492D-989F-41A8BB00B4A0}.Debug|Any CPU.ActiveCfg = Debug|Any CPU
		{FBFDEE48-4691-492D-989F-41A8BB00B4A0}.Debug|Any CPU.Build.0 = Debug|Any CPU
		{FBFDEE48-4691-492D-989F-41A8BB00B4A0}.Debug|Mixed Platforms.ActiveCfg = Debug|Any CPU
		{FBFDEE48-4691-492D-989F-41A8BB00B4A0}.Debug|Mixed Platforms.Build.0 = Debug|Any CPU
		{FBFDEE48-4691-492D-989F-41A8BB00B4A0}.Debug|Win32.ActiveCfg = Debug|Any CPU
		{FBFDEE48-4691-492D-989F-41A8BB00B4A0}.Debug|Win32.Build.0 = Debug|Any CPU
		{FBFDEE48-4691-492D-989F-41A8BB00B4A0}.Release x64|Any CPU.ActiveCfg = Release x64|Any CPU
		{FBFDEE48-4691-492D-989F-41A8BB00B4A0}.Release x64|Mixed Platforms.ActiveCfg = Release x64|Any CPU
		{FBFDEE48-4691-492D-989F-41A8BB00B4A0}.Release x64|Win32.ActiveCfg = Release x64|Any CPU
		{FBFDEE48-4691-492D-989F-41A8BB00B4A0}.Release x86|Any CPU.ActiveCfg = Release Build x86|Any CPU
		{FBFDEE48-4691-492D-989F-41A8BB00B4A0}.Release x86|Mixed Platforms.ActiveCfg = Release Build x86|Any CPU
		{FBFDEE48-4691-492D-989F-41A8BB00B4A0}.Release x86|Win32.ActiveCfg = Release Build x86|Any CPU
		{FBFDEE48-4691-492D-989F-41A8BB00B4A0}.Release|Any CPU.ActiveCfg = Release|Any CPU
		{FBFDEE48-4691-492D-989F-41A8BB00B4A0}.Release|Any CPU.Build.0 = Release|Any CPU
		{FBFDEE48-4691-492D-989F-41A8BB00B4A0}.Release|Mixed Platforms.ActiveCfg = Release|Any CPU
		{FBFDEE48-4691-492D-989F-41A8BB00B4A0}.Release|Mixed Platforms.Build.0 = Release|Any CPU
		{FBFDEE48-4691-492D-989F-41A8BB00B4A0}.Release|Win32.ActiveCfg = Release|Any CPU
		{A0295F5A-1084-4904-B203-518C699C858F}.Debug|Any CPU.ActiveCfg = Debug|Any CPU
		{A0295F5A-1084-4904-B203-518C699C858F}.Debug|Any CPU.Build.0 = Debug|Any CPU
		{A0295F5A-1084-4904-B203-518C699C858F}.Debug|Mixed Platforms.ActiveCfg = Debug|Any CPU
		{A0295F5A-1084-4904-B203-518C699C858F}.Debug|Mixed Platforms.Build.0 = Debug|Any CPU
		{A0295F5A-1084-4904-B203-518C699C858F}.Debug|Mixed Platforms.Deploy.0 = Debug|Any CPU
		{A0295F5A-1084-4904-B203-518C699C858F}.Debug|Win32.ActiveCfg = Debug|Any CPU
		{A0295F5A-1084-4904-B203-518C699C858F}.Debug|Win32.Build.0 = Debug|Any CPU
		{A0295F5A-1084-4904-B203-518C699C858F}.Release x64|Any CPU.ActiveCfg = Release x64|Any CPU
		{A0295F5A-1084-4904-B203-518C699C858F}.Release x64|Any CPU.Deploy.0 = Release x64|Any CPU
		{A0295F5A-1084-4904-B203-518C699C858F}.Release x64|Mixed Platforms.ActiveCfg = Release x64|Any CPU
		{A0295F5A-1084-4904-B203-518C699C858F}.Release x64|Win32.ActiveCfg = Release x64|Any CPU
		{A0295F5A-1084-4904-B203-518C699C858F}.Release x86|Any CPU.ActiveCfg = Release Build x86|Any CPU
		{A0295F5A-1084-4904-B203-518C699C858F}.Release x86|Any CPU.Deploy.0 = Release Build x86|Any CPU
		{A0295F5A-1084-4904-B203-518C699C858F}.Release x86|Mixed Platforms.ActiveCfg = Release Build x86|Any CPU
		{A0295F5A-1084-4904-B203-518C699C858F}.Release x86|Win32.ActiveCfg = Release Build x86|Any CPU
		{A0295F5A-1084-4904-B203-518C699C858F}.Release|Any CPU.ActiveCfg = Release|Any CPU
		{A0295F5A-1084-4904-B203-518C699C858F}.Release|Any CPU.Build.0 = Release|Any CPU
		{A0295F5A-1084-4904-B203-518C699C858F}.Release|Mixed Platforms.ActiveCfg = Release|Any CPU
		{A0295F5A-1084-4904-B203-518C699C858F}.Release|Mixed Platforms.Build.0 = Release|Any CPU
		{A0295F5A-1084-4904-B203-518C699C858F}.Release|Win32.ActiveCfg = Release|Any CPU
		{F6E2C780-18A5-41C2-902C-C8D0FF42F831}.Debug|Any CPU.ActiveCfg = Debug|Any CPU
		{F6E2C780-18A5-41C2-902C-C8D0FF42F831}.Debug|Any CPU.Build.0 = Debug|Any CPU
		{F6E2C780-18A5-41C2-902C-C8D0FF42F831}.Debug|Mixed Platforms.ActiveCfg = Debug|Any CPU
		{F6E2C780-18A5-41C2-902C-C8D0FF42F831}.Debug|Mixed Platforms.Build.0 = Debug|Any CPU
		{F6E2C780-18A5-41C2-902C-C8D0FF42F831}.Debug|Win32.ActiveCfg = Debug|Any CPU
		{F6E2C780-18A5-41C2-902C-C8D0FF42F831}.Release x64|Any CPU.ActiveCfg = Release|Any CPU
		{F6E2C780-18A5-41C2-902C-C8D0FF42F831}.Release x64|Mixed Platforms.ActiveCfg = Release|Any CPU
		{F6E2C780-18A5-41C2-902C-C8D0FF42F831}.Release x64|Mixed Platforms.Build.0 = Release|Any CPU
		{F6E2C780-18A5-41C2-902C-C8D0FF42F831}.Release x64|Win32.ActiveCfg = Release|Any CPU
		{F6E2C780-18A5-41C2-902C-C8D0FF42F831}.Release x86|Any CPU.ActiveCfg = Release|Any CPU
		{F6E2C780-18A5-41C2-902C-C8D0FF42F831}.Release x86|Mixed Platforms.ActiveCfg = Release|Any CPU
		{F6E2C780-18A5-41C2-902C-C8D0FF42F831}.Release x86|Mixed Platforms.Build.0 = Release|Any CPU
		{F6E2C780-18A5-41C2-902C-C8D0FF42F831}.Release x86|Win32.ActiveCfg = Release|Any CPU
		{F6E2C780-18A5-41C2-902C-C8D0FF42F831}.Release|Any CPU.ActiveCfg = Release|Any CPU
		{F6E2C780-18A5-41C2-902C-C8D0FF42F831}.Release|Any CPU.Build.0 = Release|Any CPU
		{F6E2C780-18A5-41C2-902C-C8D0FF42F831}.Release|Mixed Platforms.ActiveCfg = Release|Any CPU
		{F6E2C780-18A5-41C2-902C-C8D0FF42F831}.Release|Mixed Platforms.Build.0 = Release|Any CPU
		{F6E2C780-18A5-41C2-902C-C8D0FF42F831}.Release|Win32.ActiveCfg = Release|Any CPU
		{A09DE9C1-7FF6-4EB4-9395-172045DE41D2}.Debug|Any CPU.ActiveCfg = Debug|Any CPU
		{A09DE9C1-7FF6-4EB4-9395-172045DE41D2}.Debug|Any CPU.Build.0 = Debug|Any CPU
		{A09DE9C1-7FF6-4EB4-9395-172045DE41D2}.Debug|Mixed Platforms.ActiveCfg = Debug|Any CPU
		{A09DE9C1-7FF6-4EB4-9395-172045DE41D2}.Debug|Mixed Platforms.Build.0 = Debug|Any CPU
		{A09DE9C1-7FF6-4EB4-9395-172045DE41D2}.Debug|Win32.ActiveCfg = Debug|Any CPU
		{A09DE9C1-7FF6-4EB4-9395-172045DE41D2}.Release x64|Any CPU.ActiveCfg = Release|Any CPU
		{A09DE9C1-7FF6-4EB4-9395-172045DE41D2}.Release x64|Mixed Platforms.ActiveCfg = Release|Any CPU
		{A09DE9C1-7FF6-4EB4-9395-172045DE41D2}.Release x64|Mixed Platforms.Build.0 = Release|Any CPU
		{A09DE9C1-7FF6-4EB4-9395-172045DE41D2}.Release x64|Win32.ActiveCfg = Release|Any CPU
		{A09DE9C1-7FF6-4EB4-9395-172045DE41D2}.Release x86|Any CPU.ActiveCfg = Release|Any CPU
		{A09DE9C1-7FF6-4EB4-9395-172045DE41D2}.Release x86|Mixed Platforms.ActiveCfg = Release|Any CPU
		{A09DE9C1-7FF6-4EB4-9395-172045DE41D2}.Release x86|Mixed Platforms.Build.0 = Release|Any CPU
		{A09DE9C1-7FF6-4EB4-9395-172045DE41D2}.Release x86|Win32.ActiveCfg = Release|Any CPU
		{A09DE9C1-7FF6-4EB4-9395-172045DE41D2}.Release|Any CPU.ActiveCfg = Release|Any CPU
		{A09DE9C1-7FF6-4EB4-9395-172045DE41D2}.Release|Any CPU.Build.0 = Release|Any CPU
		{A09DE9C1-7FF6-4EB4-9395-172045DE41D2}.Release|Mixed Platforms.ActiveCfg = Release|Any CPU
		{A09DE9C1-7FF6-4EB4-9395-172045DE41D2}.Release|Mixed Platforms.Build.0 = Release|Any CPU
		{A09DE9C1-7FF6-4EB4-9395-172045DE41D2}.Release|Win32.ActiveCfg = Release|Any CPU
		{31D370EF-DC29-450B-AEB3-96D31AF97B6F}.Debug|Any CPU.ActiveCfg = Debug|Any CPU
		{31D370EF-DC29-450B-AEB3-96D31AF97B6F}.Debug|Any CPU.Build.0 = Debug|Any CPU
		{31D370EF-DC29-450B-AEB3-96D31AF97B6F}.Debug|Mixed Platforms.ActiveCfg = Debug|Any CPU
		{31D370EF-DC29-450B-AEB3-96D31AF97B6F}.Debug|Mixed Platforms.Build.0 = Debug|Any CPU
		{31D370EF-DC29-450B-AEB3-96D31AF97B6F}.Debug|Win32.ActiveCfg = Debug|Any CPU
		{31D370EF-DC29-450B-AEB3-96D31AF97B6F}.Release x64|Any CPU.ActiveCfg = Release|Any CPU
		{31D370EF-DC29-450B-AEB3-96D31AF97B6F}.Release x64|Mixed Platforms.ActiveCfg = Release|Any CPU
		{31D370EF-DC29-450B-AEB3-96D31AF97B6F}.Release x64|Mixed Platforms.Build.0 = Release|Any CPU
		{31D370EF-DC29-450B-AEB3-96D31AF97B6F}.Release x64|Win32.ActiveCfg = Release|Any CPU
		{31D370EF-DC29-450B-AEB3-96D31AF97B6F}.Release x86|Any CPU.ActiveCfg = Release|Any CPU
		{31D370EF-DC29-450B-AEB3-96D31AF97B6F}.Release x86|Any CPU.Build.0 = Release|Any CPU
		{31D370EF-DC29-450B-AEB3-96D31AF97B6F}.Release x86|Mixed Platforms.ActiveCfg = Release|Any CPU
		{31D370EF-DC29-450B-AEB3-96D31AF97B6F}.Release x86|Mixed Platforms.Build.0 = Release|Any CPU
		{31D370EF-DC29-450B-AEB3-96D31AF97B6F}.Release x86|Win32.ActiveCfg = Release|Any CPU
		{31D370EF-DC29-450B-AEB3-96D31AF97B6F}.Release|Any CPU.ActiveCfg = Release|Any CPU
		{31D370EF-DC29-450B-AEB3-96D31AF97B6F}.Release|Any CPU.Build.0 = Release|Any CPU
		{31D370EF-DC29-450B-AEB3-96D31AF97B6F}.Release|Mixed Platforms.ActiveCfg = Release|Any CPU
		{31D370EF-DC29-450B-AEB3-96D31AF97B6F}.Release|Mixed Platforms.Build.0 = Release|Any CPU
		{31D370EF-DC29-450B-AEB3-96D31AF97B6F}.Release|Win32.ActiveCfg = Release|Any CPU
		{08E448F0-A722-4294-931F-34352CACA29D}.Debug|Any CPU.ActiveCfg = Debug|Any CPU
		{08E448F0-A722-4294-931F-34352CACA29D}.Debug|Any CPU.Build.0 = Debug|Any CPU
		{08E448F0-A722-4294-931F-34352CACA29D}.Debug|Mixed Platforms.ActiveCfg = Debug|Any CPU
		{08E448F0-A722-4294-931F-34352CACA29D}.Debug|Mixed Platforms.Build.0 = Debug|Any CPU
		{08E448F0-A722-4294-931F-34352CACA29D}.Debug|Win32.ActiveCfg = Debug|Any CPU
		{08E448F0-A722-4294-931F-34352CACA29D}.Release x64|Any CPU.ActiveCfg = Release|Any CPU
		{08E448F0-A722-4294-931F-34352CACA29D}.Release x64|Any CPU.Build.0 = Release|Any CPU
		{08E448F0-A722-4294-931F-34352CACA29D}.Release x64|Mixed Platforms.ActiveCfg = Release|Any CPU
		{08E448F0-A722-4294-931F-34352CACA29D}.Release x64|Mixed Platforms.Build.0 = Release|Any CPU
		{08E448F0-A722-4294-931F-34352CACA29D}.Release x64|Win32.ActiveCfg = Release|Any CPU
		{08E448F0-A722-4294-931F-34352CACA29D}.Release x86|Any CPU.ActiveCfg = Release|Any CPU
		{08E448F0-A722-4294-931F-34352CACA29D}.Release x86|Any CPU.Build.0 = Release|Any CPU
		{08E448F0-A722-4294-931F-34352CACA29D}.Release x86|Mixed Platforms.ActiveCfg = Release|Any CPU
		{08E448F0-A722-4294-931F-34352CACA29D}.Release x86|Mixed Platforms.Build.0 = Release|Any CPU
		{08E448F0-A722-4294-931F-34352CACA29D}.Release x86|Win32.ActiveCfg = Release|Any CPU
		{08E448F0-A722-4294-931F-34352CACA29D}.Release|Any CPU.ActiveCfg = Release|Any CPU
		{08E448F0-A722-4294-931F-34352CACA29D}.Release|Any CPU.Build.0 = Release|Any CPU
		{08E448F0-A722-4294-931F-34352CACA29D}.Release|Mixed Platforms.ActiveCfg = Release|Any CPU
		{08E448F0-A722-4294-931F-34352CACA29D}.Release|Mixed Platforms.Build.0 = Release|Any CPU
		{08E448F0-A722-4294-931F-34352CACA29D}.Release|Win32.ActiveCfg = Release|Any CPU
		{868EC345-2190-47EE-81AB-8F1C7F854816}.Debug|Any CPU.ActiveCfg = Debug
		{868EC345-2190-47EE-81AB-8F1C7F854816}.Debug|Mixed Platforms.ActiveCfg = Debug
		{868EC345-2190-47EE-81AB-8F1C7F854816}.Debug|Win32.ActiveCfg = Debug
		{868EC345-2190-47EE-81AB-8F1C7F854816}.Release x64|Any CPU.ActiveCfg = Release
		{868EC345-2190-47EE-81AB-8F1C7F854816}.Release x64|Mixed Platforms.ActiveCfg = Release
		{868EC345-2190-47EE-81AB-8F1C7F854816}.Release x64|Win32.ActiveCfg = Release
		{868EC345-2190-47EE-81AB-8F1C7F854816}.Release x86|Any CPU.ActiveCfg = Release
		{868EC345-2190-47EE-81AB-8F1C7F854816}.Release x86|Any CPU.Build.0 = Release
		{868EC345-2190-47EE-81AB-8F1C7F854816}.Release x86|Mixed Platforms.ActiveCfg = Release
		{868EC345-2190-47EE-81AB-8F1C7F854816}.Release x86|Mixed Platforms.Build.0 = Release
		{868EC345-2190-47EE-81AB-8F1C7F854816}.Release x86|Win32.ActiveCfg = Release
		{868EC345-2190-47EE-81AB-8F1C7F854816}.Release|Any CPU.ActiveCfg = Release
		{868EC345-2190-47EE-81AB-8F1C7F854816}.Release|Any CPU.Build.0 = Release
		{868EC345-2190-47EE-81AB-8F1C7F854816}.Release|Mixed Platforms.ActiveCfg = Release
		{868EC345-2190-47EE-81AB-8F1C7F854816}.Release|Mixed Platforms.Build.0 = Release
		{868EC345-2190-47EE-81AB-8F1C7F854816}.Release|Win32.ActiveCfg = Release
		{868EC345-2190-47EE-81AB-8F1C7F854816}.Release|Win32.Build.0 = Release
		{9287C788-109A-46C2-A787-6A1A96434728}.Debug|Any CPU.ActiveCfg = Debug|Any CPU
		{9287C788-109A-46C2-A787-6A1A96434728}.Debug|Any CPU.Build.0 = Debug|Any CPU
		{9287C788-109A-46C2-A787-6A1A96434728}.Debug|Mixed Platforms.ActiveCfg = Debug|Any CPU
		{9287C788-109A-46C2-A787-6A1A96434728}.Debug|Mixed Platforms.Build.0 = Debug|Any CPU
		{9287C788-109A-46C2-A787-6A1A96434728}.Debug|Win32.ActiveCfg = Debug|Any CPU
		{9287C788-109A-46C2-A787-6A1A96434728}.Release x64|Any CPU.ActiveCfg = Release|Any CPU
		{9287C788-109A-46C2-A787-6A1A96434728}.Release x64|Any CPU.Build.0 = Release|Any CPU
		{9287C788-109A-46C2-A787-6A1A96434728}.Release x64|Mixed Platforms.ActiveCfg = Release|Any CPU
		{9287C788-109A-46C2-A787-6A1A96434728}.Release x64|Mixed Platforms.Build.0 = Release|Any CPU
		{9287C788-109A-46C2-A787-6A1A96434728}.Release x64|Win32.ActiveCfg = Release|Any CPU
		{9287C788-109A-46C2-A787-6A1A96434728}.Release x86|Any CPU.ActiveCfg = Release|Any CPU
		{9287C788-109A-46C2-A787-6A1A96434728}.Release x86|Any CPU.Build.0 = Release|Any CPU
		{9287C788-109A-46C2-A787-6A1A96434728}.Release x86|Mixed Platforms.ActiveCfg = Release|Any CPU
		{9287C788-109A-46C2-A787-6A1A96434728}.Release x86|Mixed Platforms.Build.0 = Release|Any CPU
		{9287C788-109A-46C2-A787-6A1A96434728}.Release x86|Win32.ActiveCfg = Release|Any CPU
		{9287C788-109A-46C2-A787-6A1A96434728}.Release|Any CPU.ActiveCfg = Release|Any CPU
		{9287C788-109A-46C2-A787-6A1A96434728}.Release|Any CPU.Build.0 = Release|Any CPU
		{9287C788-109A-46C2-A787-6A1A96434728}.Release|Mixed Platforms.ActiveCfg = Release|Any CPU
		{9287C788-109A-46C2-A787-6A1A96434728}.Release|Mixed Platforms.Build.0 = Release|Any CPU
		{9287C788-109A-46C2-A787-6A1A96434728}.Release|Win32.ActiveCfg = Release|Any CPU
		{A54388EE-A9E1-4696-A28C-6D6D8A8923DD}.Debug|Any CPU.ActiveCfg = Debug|Any CPU
		{A54388EE-A9E1-4696-A28C-6D6D8A8923DD}.Debug|Any CPU.Build.0 = Debug|Any CPU
		{A54388EE-A9E1-4696-A28C-6D6D8A8923DD}.Debug|Mixed Platforms.ActiveCfg = Debug|Any CPU
		{A54388EE-A9E1-4696-A28C-6D6D8A8923DD}.Debug|Mixed Platforms.Build.0 = Debug|Any CPU
		{A54388EE-A9E1-4696-A28C-6D6D8A8923DD}.Debug|Win32.ActiveCfg = Debug|Any CPU
		{A54388EE-A9E1-4696-A28C-6D6D8A8923DD}.Release x64|Any CPU.ActiveCfg = Release|Any CPU
		{A54388EE-A9E1-4696-A28C-6D6D8A8923DD}.Release x64|Any CPU.Build.0 = Release|Any CPU
		{A54388EE-A9E1-4696-A28C-6D6D8A8923DD}.Release x64|Mixed Platforms.ActiveCfg = Release|Any CPU
		{A54388EE-A9E1-4696-A28C-6D6D8A8923DD}.Release x64|Mixed Platforms.Build.0 = Release|Any CPU
		{A54388EE-A9E1-4696-A28C-6D6D8A8923DD}.Release x64|Win32.ActiveCfg = Release|Any CPU
		{A54388EE-A9E1-4696-A28C-6D6D8A8923DD}.Release x86|Any CPU.ActiveCfg = Release|Any CPU
		{A54388EE-A9E1-4696-A28C-6D6D8A8923DD}.Release x86|Any CPU.Build.0 = Release|Any CPU
		{A54388EE-A9E1-4696-A28C-6D6D8A8923DD}.Release x86|Mixed Platforms.ActiveCfg = Release|Any CPU
		{A54388EE-A9E1-4696-A28C-6D6D8A8923DD}.Release x86|Mixed Platforms.Build.0 = Release|Any CPU
		{A54388EE-A9E1-4696-A28C-6D6D8A8923DD}.Release x86|Win32.ActiveCfg = Release|Any CPU
		{A54388EE-A9E1-4696-A28C-6D6D8A8923DD}.Release|Any CPU.ActiveCfg = Release|Any CPU
		{A54388EE-A9E1-4696-A28C-6D6D8A8923DD}.Release|Any CPU.Build.0 = Release|Any CPU
		{A54388EE-A9E1-4696-A28C-6D6D8A8923DD}.Release|Mixed Platforms.ActiveCfg = Release|Any CPU
		{A54388EE-A9E1-4696-A28C-6D6D8A8923DD}.Release|Mixed Platforms.Build.0 = Release|Any CPU
		{A54388EE-A9E1-4696-A28C-6D6D8A8923DD}.Release|Win32.ActiveCfg = Release|Any CPU
	EndGlobalSection
	GlobalSection(SolutionProperties) = preSolution
		HideSolutionNode = FALSE
	EndGlobalSection
	GlobalSection(NestedProjects) = preSolution
		{F802C2CF-0472-43F9-B5E7-15AB2C4C0041} = {50E71AD0-5AD0-47BC-950C-8CC04AAE629E}
		{57317532-D856-49DC-99AC-E9EC381D46C7} = {50E71AD0-5AD0-47BC-950C-8CC04AAE629E}
		{F8945C5A-B156-4A0C-98F3-A9F00D265F59} = {50E71AD0-5AD0-47BC-950C-8CC04AAE629E}
		{F6E2C780-18A5-41C2-902C-C8D0FF42F831} = {50E71AD0-5AD0-47BC-950C-8CC04AAE629E}
		{08E448F0-A722-4294-931F-34352CACA29D} = {50E71AD0-5AD0-47BC-950C-8CC04AAE629E}
		{9287C788-109A-46C2-A787-6A1A96434728} = {50E71AD0-5AD0-47BC-950C-8CC04AAE629E}
		{A54388EE-A9E1-4696-A28C-6D6D8A8923DD} = {50E71AD0-5AD0-47BC-950C-8CC04AAE629E}
		{FBFDEE48-4691-492D-989F-41A8BB00B4A0} = {A6415B2B-D1CC-43FA-B60A-AEA7E964EA5C}
		{A0295F5A-1084-4904-B203-518C699C858F} = {A6415B2B-D1CC-43FA-B60A-AEA7E964EA5C}
		{A09DE9C1-7FF6-4EB4-9395-172045DE41D2} = {A6415B2B-D1CC-43FA-B60A-AEA7E964EA5C}
		{31D370EF-DC29-450B-AEB3-96D31AF97B6F} = {468E6C89-3FD2-47C0-A16B-F1A1F700ABE3}
		{868EC345-2190-47EE-81AB-8F1C7F854816} = {468E6C89-3FD2-47C0-A16B-F1A1F700ABE3}
	EndGlobalSection
EndGlobal
